
Microsoft Visual Studio Solution File, Format Version 12.00
Project("{FAE04EC0-301F-11D3-BF4B-00C04F79EFBC}") = "ConsoleApp21", "ConsoleApp21\ConsoleApp21.csproj", "{C13B5841-E70E-4983-B6AB-235389FAEBD0}"
EndProject
Global
	GlobalSection(SolutionConfigurationPlatforms) = preSolution
		Debug|Any CPU = Debug|Any CPU
		Release|Any CPU = Release|Any CPU
	EndGlobalSection
	GlobalSection(ProjectConfigurationPlatforms) = postSolution
		{C13B5841-E70E-4983-B6AB-235389FAEBD0}.Debug|Any CPU.ActiveCfg = Debug|Any CPU
		{C13B5841-E70E-4983-B6AB-235389FAEBD0}.Debug|Any CPU.Build.0 = Debug|Any CPU
		{C13B5841-E70E-4983-B6AB-235389FAEBD0}.Release|Any CPU.ActiveCfg = Release|Any CPU
		{C13B5841-E70E-4983-B6AB-235389FAEBD0}.Release|Any CPU.Build.0 = Release|Any CPU
	EndGlobalSection
EndGlobal
